
Microsoft Visual Studio Solution File, Format Version 12.00
# Visual Studio Version 17
VisualStudioVersion = 17.10.34916.146
MinimumVisualStudioVersion = 10.0.40219.1
Project("{9A19103F-16F7-4668-BE54-9A1E7A4F7556}") = "AutoDrivingCar", "AutoDrivingCar\AutoDrivingCar.csproj", "{C2652261-5626-47A5-9576-DCA17D54FC70}"
EndProject
Project("{FAE04EC0-301F-11D3-BF4B-00C04F79EFBC}") = "AutoDrivingCarTests", "AutoDrivingCarTests\AutoDrivingCarTests.csproj", "{59261DD1-7B64-428F-976F-2E204641CDBF}"
EndProject
Global
	GlobalSection(SolutionConfigurationPlatforms) = preSolution
		Debug|Any CPU = Debug|Any CPU
		Release|Any CPU = Release|Any CPU
	EndGlobalSection
	GlobalSection(ProjectConfigurationPlatforms) = postSolution
		{C2652261-5626-47A5-9576-DCA17D54FC70}.Debug|Any CPU.ActiveCfg = Debug|Any CPU
		{C2652261-5626-47A5-9576-DCA17D54FC70}.Debug|Any CPU.Build.0 = Debug|Any CPU
		{C2652261-5626-47A5-9576-DCA17D54FC70}.Release|Any CPU.ActiveCfg = Release|Any CPU
		{C2652261-5626-47A5-9576-DCA17D54FC70}.Release|Any CPU.Build.0 = Release|Any CPU
		{59261DD1-7B64-428F-976F-2E204641CDBF}.Debug|Any CPU.ActiveCfg = Debug|Any CPU
		{59261DD1-7B64-428F-976F-2E204641CDBF}.Debug|Any CPU.Build.0 = Debug|Any CPU
		{59261DD1-7B64-428F-976F-2E204641CDBF}.Release|Any CPU.ActiveCfg = Release|Any CPU
		{59261DD1-7B64-428F-976F-2E204641CDBF}.Release|Any CPU.Build.0 = Release|Any CPU
	EndGlobalSection
	GlobalSection(SolutionProperties) = preSolution
		HideSolutionNode = FALSE
	EndGlobalSection
	GlobalSection(ExtensibilityGlobals) = postSolution
		SolutionGuid = {792B2299-0129-4A2E-8C55-8544A84E717C}
	EndGlobalSection
EndGlobal
